// !$*UTF8*$!
{
	archiveVersion = 1;
	classes = {
	};
	objectVersion = 46;
	objects = {

/* Begin PBXBuildFile section */
		B00939B01E3063DC002F71D0 /* main.m in Sources */ = {isa = PBXBuildFile; fileRef = B00939AF1E3063DC002F71D0 /* main.m */; };
		B00939B31E3063DC002F71D0 /* AppDelegate.m in Sources */ = {isa = PBXBuildFile; fileRef = B00939B21E3063DC002F71D0 /* AppDelegate.m */; };
		B00939B61E3063DC002F71D0 /* RootViewController.m in Sources */ = {isa = PBXBuildFile; fileRef = B00939B51E3063DC002F71D0 /* RootViewController.m */; };
		B00939B91E3063DC002F71D0 /* DataViewController.m in Sources */ = {isa = PBXBuildFile; fileRef = B00939B81E3063DC002F71D0 /* DataViewController.m */; };
		B00939BC1E3063DC002F71D0 /* ModelController.m in Sources */ = {isa = PBXBuildFile; fileRef = B00939BB1E3063DC002F71D0 /* ModelController.m */; };
		B00939BF1E3063DC002F71D0 /* Main.storyboard in Resources */ = {isa = PBXBuildFile; fileRef = B00939BD1E3063DC002F71D0 /* Main.storyboard */; };
		B00939C11E3063DC002F71D0 /* Assets.xcassets in Resources */ = {isa = PBXBuildFile; fileRef = B00939C01E3063DC002F71D0 /* Assets.xcassets */; };
		B00939C41E3063DC002F71D0 /* LaunchScreen.storyboard in Resources */ = {isa = PBXBuildFile; fileRef = B00939C21E3063DC002F71D0 /* LaunchScreen.storyboard */; };
		B00939CF1E3063DC002F71D0 /* Password_GeneratorTests.m in Sources */ = {isa = PBXBuildFile; fileRef = B00939CE1E3063DC002F71D0 /* Password_GeneratorTests.m */; };
		B00939DA1E3063DC002F71D0 /* Password_GeneratorUITests.m in Sources */ = {isa = PBXBuildFile; fileRef = B00939D91E3063DC002F71D0 /* Password_GeneratorUITests.m */; };
/* End PBXBuildFile section */

/* Begin PBXContainerItemProxy section */
		B00939CB1E3063DC002F71D0 /* PBXContainerItemProxy */ = {
			isa = PBXContainerItemProxy;
			containerPortal = B00939A31E3063DC002F71D0 /* Project object */;
			proxyType = 1;
			remoteGlobalIDString = B00939AA1E3063DC002F71D0;
			remoteInfo = "Password Generator";
		};
		B00939D61E3063DC002F71D0 /* PBXContainerItemProxy */ = {
			isa = PBXContainerItemProxy;
			containerPortal = B00939A31E3063DC002F71D0 /* Project object */;
			proxyType = 1;
			remoteGlobalIDString = B00939AA1E3063DC002F71D0;
			remoteInfo = "Password Generator";
		};
/* End PBXContainerItemProxy section */

/* Begin PBXFileReference section */
		B00939AB1E3063DC002F71D0 /* Password Generator.app */ = {isa = PBXFileReference; explicitFileType = wrapper.application; includeInIndex = 0; path = "Password Generator.app"; sourceTree = BUILT_PRODUCTS_DIR; };
		B00939AF1E3063DC002F71D0 /* main.m */ = {isa = PBXFileReference; lastKnownFileType = sourcecode.c.objc; path = main.m; sourceTree = "<group>"; };
		B00939B11E3063DC002F71D0 /* AppDelegate.h */ = {isa = PBXFileReference; lastKnownFileType = sourcecode.c.h; path = AppDelegate.h; sourceTree = "<group>"; };
		B00939B21E3063DC002F71D0 /* AppDelegate.m */ = {isa = PBXFileReference; lastKnownFileType = sourcecode.c.objc; path = AppDelegate.m; sourceTree = "<group>"; };
		B00939B41E3063DC002F71D0 /* RootViewController.h */ = {isa = PBXFileReference; lastKnownFileType = sourcecode.c.h; path = RootViewController.h; sourceTree = "<group>"; };
		B00939B51E3063DC002F71D0 /* RootViewController.m */ = {isa = PBXFileReference; lastKnownFileType = sourcecode.c.objc; path = RootViewController.m; sourceTree = "<group>"; };
		B00939B71E3063DC002F71D0 /* DataViewController.h */ = {isa = PBXFileReference; lastKnownFileType = sourcecode.c.h; path = DataViewController.h; sourceTree = "<group>"; };
		B00939B81E3063DC002F71D0 /* DataViewController.m */ = {isa = PBXFileReference; lastKnownFileType = sourcecode.c.objc; path = DataViewController.m; sourceTree = "<group>"; };
		B00939BA1E3063DC002F71D0 /* ModelController.h */ = {isa = PBXFileReference; lastKnownFileType = sourcecode.c.h; path = ModelController.h; sourceTree = "<group>"; };
		B00939BB1E3063DC002F71D0 /* ModelController.m */ = {isa = PBXFileReference; lastKnownFileType = sourcecode.c.objc; path = ModelController.m; sourceTree = "<group>"; };
		B00939BE1E3063DC002F71D0 /* Base */ = {isa = PBXFileReference; lastKnownFileType = file.storyboard; name = Base; path = Base.lproj/Main.storyboard; sourceTree = "<group>"; };
		B00939C01E3063DC002F71D0 /* Assets.xcassets */ = {isa = PBXFileReference; lastKnownFileType = folder.assetcatalog; path = Assets.xcassets; sourceTree = "<group>"; };
		B00939C31E3063DC002F71D0 /* Base */ = {isa = PBXFileReference; lastKnownFileType = file.storyboard; name = Base; path = Base.lproj/LaunchScreen.storyboard; sourceTree = "<group>"; };
		B00939C51E3063DC002F71D0 /* Info.plist */ = {isa = PBXFileReference; lastKnownFileType = text.plist.xml; path = Info.plist; sourceTree = "<group>"; };
		B00939CA1E3063DC002F71D0 /* Password GeneratorTests.xctest */ = {isa = PBXFileReference; explicitFileType = wrapper.cfbundle; includeInIndex = 0; path = "Password GeneratorTests.xctest"; sourceTree = BUILT_PRODUCTS_DIR; };
		B00939CE1E3063DC002F71D0 /* Password_GeneratorTests.m */ = {isa = PBXFileReference; lastKnownFileType = sourcecode.c.objc; path = Password_GeneratorTests.m; sourceTree = "<group>"; };
		B00939D01E3063DC002F71D0 /* Info.plist */ = {isa = PBXFileReference; lastKnownFileType = text.plist.xml; path = Info.plist; sourceTree = "<group>"; };
		B00939D51E3063DC002F71D0 /* Password GeneratorUITests.xctest */ = {isa = PBXFileReference; explicitFileType = wrapper.cfbundle; includeInIndex = 0; path = "Password GeneratorUITests.xctest"; sourceTree = BUILT_PRODUCTS_DIR; };
		B00939D91E3063DC002F71D0 /* Password_GeneratorUITests.m */ = {isa = PBXFileReference; lastKnownFileType = sourcecode.c.objc; path = Password_GeneratorUITests.m; sourceTree = "<group>"; };
		B00939DB1E3063DC002F71D0 /* Info.plist */ = {isa = PBXFileReference; lastKnownFileType = text.plist.xml; path = Info.plist; sourceTree = "<group>"; };
/* End PBXFileReference section */

/* Begin PBXFrameworksBuildPhase section */
		B00939A81E3063DC002F71D0 /* Frameworks */ = {
			isa = PBXFrameworksBuildPhase;
			buildActionMask = 2147483647;
			files = (
			);
			runOnlyForDeploymentPostprocessing = 0;
		};
		B00939C71E3063DC002F71D0 /* Frameworks */ = {
			isa = PBXFrameworksBuildPhase;
			buildActionMask = 2147483647;
			files = (
			);
			runOnlyForDeploymentPostprocessing = 0;
		};
		B00939D21E3063DC002F71D0 /* Frameworks */ = {
			isa = PBXFrameworksBuildPhase;
			buildActionMask = 2147483647;
			files = (
			);
			runOnlyForDeploymentPostprocessing = 0;
		};
/* End PBXFrameworksBuildPhase section */

/* Begin PBXGroup section */
		B00939A21E3063DC002F71D0 = {
			isa = PBXGroup;
			children = (
				B00939AD1E3063DC002F71D0 /* Password Generator */,
				B00939CD1E3063DC002F71D0 /* Password GeneratorTests */,
				B00939D81E3063DC002F71D0 /* Password GeneratorUITests */,
				B00939AC1E3063DC002F71D0 /* Products */,
			);
			sourceTree = "<group>";
		};
		B00939AC1E3063DC002F71D0 /* Products */ = {
			isa = PBXGroup;
			children = (
				B00939AB1E3063DC002F71D0 /* Password Generator.app */,
				B00939CA1E3063DC002F71D0 /* Password GeneratorTests.xctest */,
				B00939D51E3063DC002F71D0 /* Password GeneratorUITests.xctest */,
			);
			name = Products;
			sourceTree = "<group>";
		};
		B00939AD1E3063DC002F71D0 /* Password Generator */ = {
			isa = PBXGroup;
			children = (
				B00939B11E3063DC002F71D0 /* AppDelegate.h */,
				B00939B21E3063DC002F71D0 /* AppDelegate.m */,
				B00939B41E3063DC002F71D0 /* RootViewController.h */,
				B00939B51E3063DC002F71D0 /* RootViewController.m */,
				B00939B71E3063DC002F71D0 /* DataViewController.h */,
				B00939B81E3063DC002F71D0 /* DataViewController.m */,
				B00939BA1E3063DC002F71D0 /* ModelController.h */,
				B00939BB1E3063DC002F71D0 /* ModelController.m */,
				B00939BD1E3063DC002F71D0 /* Main.storyboard */,
				B00939C01E3063DC002F71D0 /* Assets.xcassets */,
				B00939C21E3063DC002F71D0 /* LaunchScreen.storyboard */,
				B00939C51E3063DC002F71D0 /* Info.plist */,
				B00939AE1E3063DC002F71D0 /* Supporting Files */,
			);
			path = "Password Generator";
			sourceTree = "<group>";
		};
		B00939AE1E3063DC002F71D0 /* Supporting Files */ = {
			isa = PBXGroup;
			children = (
				B00939AF1E3063DC002F71D0 /* main.m */,
			);
			name = "Supporting Files";
			sourceTree = "<group>";
		};
		B00939CD1E3063DC002F71D0 /* Password GeneratorTests */ = {
			isa = PBXGroup;
			children = (
				B00939CE1E3063DC002F71D0 /* Password_GeneratorTests.m */,
				B00939D01E3063DC002F71D0 /* Info.plist */,
			);
			path = "Password GeneratorTests";
			sourceTree = "<group>";
		};
		B00939D81E3063DC002F71D0 /* Password GeneratorUITests */ = {
			isa = PBXGroup;
			children = (
				B00939D91E3063DC002F71D0 /* Password_GeneratorUITests.m */,
				B00939DB1E3063DC002F71D0 /* Info.plist */,
			);
			path = "Password GeneratorUITests";
			sourceTree = "<group>";
		};
/* End PBXGroup section */

/* Begin PBXNativeTarget section */
		B00939AA1E3063DC002F71D0 /* Password Generator */ = {
			isa = PBXNativeTarget;
			buildConfigurationList = B00939DE1E3063DC002F71D0 /* Build configuration list for PBXNativeTarget "Password Generator" */;
			buildPhases = (
				B00939A71E3063DC002F71D0 /* Sources */,
				B00939A81E3063DC002F71D0 /* Frameworks */,
				B00939A91E3063DC002F71D0 /* Resources */,
			);
			buildRules = (
			);
			dependencies = (
			);
			name = "Password Generator";
			productName = "Password Generator";
			productReference = B00939AB1E3063DC002F71D0 /* Password Generator.app */;
			productType = "com.apple.product-type.application";
		};
		B00939C91E3063DC002F71D0 /* Password GeneratorTests */ = {
			isa = PBXNativeTarget;
			buildConfigurationList = B00939E11E3063DC002F71D0 /* Build configuration list for PBXNativeTarget "Password GeneratorTests" */;
			buildPhases = (
				B00939C61E3063DC002F71D0 /* Sources */,
				B00939C71E3063DC002F71D0 /* Frameworks */,
				B00939C81E3063DC002F71D0 /* Resources */,
			);
			buildRules = (
			);
			dependencies = (
				B00939CC1E3063DC002F71D0 /* PBXTargetDependency */,
			);
			name = "Password GeneratorTests";
			productName = "Password GeneratorTests";
			productReference = B00939CA1E3063DC002F71D0 /* Password GeneratorTests.xctest */;
			productType = "com.apple.product-type.bundle.unit-test";
		};
		B00939D41E3063DC002F71D0 /* Password GeneratorUITests */ = {
			isa = PBXNativeTarget;
			buildConfigurationList = B00939E41E3063DC002F71D0 /* Build configuration list for PBXNativeTarget "Password GeneratorUITests" */;
			buildPhases = (
				B00939D11E3063DC002F71D0 /* Sources */,
				B00939D21E3063DC002F71D0 /* Frameworks */,
				B00939D31E3063DC002F71D0 /* Resources */,
			);
			buildRules = (
			);
			dependencies = (
				B00939D71E3063DC002F71D0 /* PBXTargetDependency */,
			);
			name = "Password GeneratorUITests";
			productName = "Password GeneratorUITests";
			productReference = B00939D51E3063DC002F71D0 /* Password GeneratorUITests.xctest */;
			productType = "com.apple.product-type.bundle.ui-testing";
		};
/* End PBXNativeTarget section */

/* Begin PBXProject section */
		B00939A31E3063DC002F71D0 /* Project object */ = {
			isa = PBXProject;
			attributes = {
				LastUpgradeCheck = 0820;
				ORGANIZATIONNAME = "Surfside Software Solutions";
				TargetAttributes = {
					B00939AA1E3063DC002F71D0 = {
						CreatedOnToolsVersion = 8.2;
						DevelopmentTeam = CG3WB2TNJ2;
						ProvisioningStyle = Automatic;
					};
					B00939C91E3063DC002F71D0 = {
						CreatedOnToolsVersion = 8.2;
						DevelopmentTeam = CG3WB2TNJ2;
						ProvisioningStyle = Automatic;
						TestTargetID = B00939AA1E3063DC002F71D0;
					};
					B00939D41E3063DC002F71D0 = {
						CreatedOnToolsVersion = 8.2;
						DevelopmentTeam = CG3WB2TNJ2;
						ProvisioningStyle = Automatic;
						TestTargetID = B00939AA1E3063DC002F71D0;
					};
				};
			};
			buildConfigurationList = B00939A61E3063DC002F71D0 /* Build configuration list for PBXProject "Password Generator" */;
			compatibilityVersion = "Xcode 3.2";
			developmentRegion = English;
			hasScannedForEncodings = 0;
			knownRegions = (
				en,
				Base,
			);
			mainGroup = B00939A21E3063DC002F71D0;
			productRefGroup = B00939AC1E3063DC002F71D0 /* Products */;
			projectDirPath = "";
			projectRoot = "";
			targets = (
				B00939AA1E3063DC002F71D0 /* Password Generator */,
				B00939C91E3063DC002F71D0 /* Password GeneratorTests */,
				B00939D41E3063DC002F71D0 /* Password GeneratorUITests */,
			);
		};
/* End PBXProject section */

/* Begin PBXResourcesBuildPhase section */
		B00939A91E3063DC002F71D0 /* Resources */ = {
			isa = PBXResourcesBuildPhase;
			buildActionMask = 2147483647;
			files = (
				B00939C41E3063DC002F71D0 /* LaunchScreen.storyboard in Resources */,
				B00939C11E3063DC002F71D0 /* Assets.xcassets in Resources */,
				B00939BF1E3063DC002F71D0 /* Main.storyboard in Resources */,
			);
			runOnlyForDeploymentPostprocessing = 0;
		};
		B00939C81E3063DC002F71D0 /* Resources */ = {
			isa = PBXResourcesBuildPhase;
			buildActionMask = 2147483647;
			files = (
			);
			runOnlyForDeploymentPostprocessing = 0;
		};
		B00939D31E3063DC002F71D0 /* Resources */ = {
			isa = PBXResourcesBuildPhase;
			buildActionMask = 2147483647;
			files = (
			);
			runOnlyForDeploymentPostprocessing = 0;
		};
/* End PBXResourcesBuildPhase section */

/* Begin PBXSourcesBuildPhase section */
		B00939A71E3063DC002F71D0 /* Sources */ = {
			isa = PBXSourcesBuildPhase;
			buildActionMask = 2147483647;
			files = (
				B00939B91E3063DC002F71D0 /* DataViewController.m in Sources */,
				B00939B31E3063DC002F71D0 /* AppDelegate.m in Sources */,
				B00939BC1E3063DC002F71D0 /* ModelController.m in Sources */,
				B00939B01E3063DC002F71D0 /* main.m in Sources */,
				B00939B61E3063DC002F71D0 /* RootViewController.m in Sources */,
			);
			runOnlyForDeploymentPostprocessing = 0;
		};
		B00939C61E3063DC002F71D0 /* Sources */ = {
			isa = PBXSourcesBuildPhase;
			buildActionMask = 2147483647;
			files = (
				B00939CF1E3063DC002F71D0 /* Password_GeneratorTests.m in Sources */,
			);
			runOnlyForDeploymentPostprocessing = 0;
		};
		B00939D11E3063DC002F71D0 /* Sources */ = {
			isa = PBXSourcesBuildPhase;
			buildActionMask = 2147483647;
			files = (
				B00939DA1E3063DC002F71D0 /* Password_GeneratorUITests.m in Sources */,
			);
			runOnlyForDeploymentPostprocessing = 0;
		};
/* End PBXSourcesBuildPhase section */

/* Begin PBXTargetDependency section */
		B00939CC1E3063DC002F71D0 /* PBXTargetDependency */ = {
			isa = PBXTargetDependency;
			target = B00939AA1E3063DC002F71D0 /* Password Generator */;
			targetProxy = B00939CB1E3063DC002F71D0 /* PBXContainerItemProxy */;
		};
		B00939D71E3063DC002F71D0 /* PBXTargetDependency */ = {
			isa = PBXTargetDependency;
			target = B00939AA1E3063DC002F71D0 /* Password Generator */;
			targetProxy = B00939D61E3063DC002F71D0 /* PBXContainerItemProxy */;
		};
/* End PBXTargetDependency section */

/* Begin PBXVariantGroup section */
		B00939BD1E3063DC002F71D0 /* Main.storyboard */ = {
			isa = PBXVariantGroup;
			children = (
				B00939BE1E3063DC002F71D0 /* Base */,
			);
			name = Main.storyboard;
			sourceTree = "<group>";
		};
		B00939C21E3063DC002F71D0 /* LaunchScreen.storyboard */ = {
			isa = PBXVariantGroup;
			children = (
				B00939C31E3063DC002F71D0 /* Base */,
			);
			name = LaunchScreen.storyboard;
			sourceTree = "<group>";
		};
/* End PBXVariantGroup section */

/* Begin XCBuildConfiguration section */
		B00939DC1E3063DC002F71D0 /* Debug */ = {
			isa = XCBuildConfiguration;
			buildSettings = {
				ALWAYS_SEARCH_USER_PATHS = NO;
				CLANG_ANALYZER_NONNULL = YES;
				CLANG_CXX_LANGUAGE_STANDARD = "gnu++0x";
				CLANG_CXX_LIBRARY = "libc++";
				CLANG_ENABLE_MODULES = YES;
				CLANG_ENABLE_OBJC_ARC = YES;
				CLANG_WARN_BOOL_CONVERSION = YES;
				CLANG_WARN_CONSTANT_CONVERSION = YES;
				CLANG_WARN_DIRECT_OBJC_ISA_USAGE = YES_ERROR;
				CLANG_WARN_DOCUMENTATION_COMMENTS = YES;
				CLANG_WARN_EMPTY_BODY = YES;
				CLANG_WARN_ENUM_CONVERSION = YES;
				CLANG_WARN_INFINITE_RECURSION = YES;
				CLANG_WARN_INT_CONVERSION = YES;
				CLANG_WARN_OBJC_ROOT_CLASS = YES_ERROR;
				CLANG_WARN_SUSPICIOUS_MOVE = YES;
				CLANG_WARN_UNREACHABLE_CODE = YES;
				CLANG_WARN__DUPLICATE_METHOD_MATCH = YES;
				"CODE_SIGN_IDENTITY[sdk=iphoneos*]" = "iPhone Developer";
				COPY_PHASE_STRIP = NO;
				DEBUG_INFORMATION_FORMAT = dwarf;
				ENABLE_STRICT_OBJC_MSGSEND = YES;
				ENABLE_TESTABILITY = YES;
				GCC_C_LANGUAGE_STANDARD = gnu99;
				GCC_DYNAMIC_NO_PIC = NO;
				GCC_NO_COMMON_BLOCKS = YES;
				GCC_OPTIMIZATION_LEVEL = 0;
				GCC_PREPROCESSOR_DEFINITIONS = (
					"DEBUG=1",
					"$(inherited)",
				);
				GCC_WARN_64_TO_32_BIT_CONVERSION = YES;
				GCC_WARN_ABOUT_RETURN_TYPE = YES_ERROR;
				GCC_WARN_UNDECLARED_SELECTOR = YES;
				GCC_WARN_UNINITIALIZED_AUTOS = YES_AGGRESSIVE;
				GCC_WARN_UNUSED_FUNCTION = YES;
				GCC_WARN_UNUSED_VARIABLE = YES;
				IPHONEOS_DEPLOYMENT_TARGET = 10.2;
				MTL_ENABLE_DEBUG_INFO = YES;
				ONLY_ACTIVE_ARCH = YES;
				SDKROOT = iphoneos;
			};
			name = Debug;
		};
		B00939DD1E3063DC002F71D0 /* Release */ = {
			isa = XCBuildConfiguration;
			buildSettings = {
				ALWAYS_SEARCH_USER_PATHS = NO;
				CLANG_ANALYZER_NONNULL = YES;
				CLANG_CXX_LANGUAGE_STANDARD = "gnu++0x";
				CLANG_CXX_LIBRARY = "libc++";
				CLANG_ENABLE_MODULES = YES;
				CLANG_ENABLE_OBJC_ARC = YES;
				CLANG_WARN_BOOL_CONVERSION = YES;
				CLANG_WARN_CONSTANT_CONVERSION = YES;
				CLANG_WARN_DIRECT_OBJC_ISA_USAGE = YES_ERROR;
				CLANG_WARN_DOCUMENTATION_COMMENTS = YES;
				CLANG_WARN_EMPTY_BODY = YES;
				CLANG_WARN_ENUM_CONVERSION = YES;
				CLANG_WARN_INFINITE_RECURSION = YES;
				CLANG_WARN_INT_CONVERSION = YES;
				CLANG_WARN_OBJC_ROOT_CLASS = YES_ERROR;
				CLANG_WARN_SUSPICIOUS_MOVE = YES;
				CLANG_WARN_UNREACHABLE_CODE = YES;
				CLANG_WARN__DUPLICATE_METHOD_MATCH = YES;
				"CODE_SIGN_IDENTITY[sdk=iphoneos*]" = "iPhone Developer";
				COPY_PHASE_STRIP = NO;
				DEBUG_INFORMATION_FORMAT = "dwarf-with-dsym";
				ENABLE_NS_ASSERTIONS = NO;
				ENABLE_STRICT_OBJC_MSGSEND = YES;
				GCC_C_LANGUAGE_STANDARD = gnu99;
				GCC_NO_COMMON_BLOCKS = YES;
				GCC_WARN_64_TO_32_BIT_CONVERSION = YES;
				GCC_WARN_ABOUT_RETURN_TYPE = YES_ERROR;
				GCC_WARN_UNDECLARED_SELECTOR = YES;
				GCC_WARN_UNINITIALIZED_AUTOS = YES_AGGRESSIVE;
				GCC_WARN_UNUSED_FUNCTION = YES;
				GCC_WARN_UNUSED_VARIABLE = YES;
				IPHONEOS_DEPLOYMENT_TARGET = 10.2;
				MTL_ENABLE_DEBUG_INFO = NO;
				SDKROOT = iphoneos;
				VALIDATE_PRODUCT = YES;
			};
			name = Release;
		};
		B00939DF1E3063DC002F71D0 /* Debug */ = {
			isa = XCBuildConfiguration;
			buildSettings = {
				ASSETCATALOG_COMPILER_APPICON_NAME = AppIcon;
				DEVELOPMENT_TEAM = CG3WB2TNJ2;
				INFOPLIST_FILE = "Password Generator/Info.plist";
				LD_RUNPATH_SEARCH_PATHS = "$(inherited) @executable_path/Frameworks";
				PRODUCT_BUNDLE_IDENTIFIER = "com.surfsidesoftwaresolutions.waynedhill.Password-Generator";
				PRODUCT_NAME = "$(TARGET_NAME)";
			};
			name = Debug;
		};
		B00939E01E3063DC002F71D0 /* Release */ = {
			isa = XCBuildConfiguration;
			buildSettings = {
				ASSETCATALOG_COMPILER_APPICON_NAME = AppIcon;
				DEVELOPMENT_TEAM = CG3WB2TNJ2;
				INFOPLIST_FILE = "Password Generator/Info.plist";
				LD_RUNPATH_SEARCH_PATHS = "$(inherited) @executable_path/Frameworks";
				PRODUCT_BUNDLE_IDENTIFIER = "com.surfsidesoftwaresolutions.waynedhill.Password-Generator";
				PRODUCT_NAME = "$(TARGET_NAME)";
			};
			name = Release;
		};
		B00939E21E3063DC002F71D0 /* Debug */ = {
			isa = XCBuildConfiguration;
			buildSettings = {
				BUNDLE_LOADER = "$(TEST_HOST)";
				DEVELOPMENT_TEAM = CG3WB2TNJ2;
				INFOPLIST_FILE = "Password GeneratorTests/Info.plist";
				LD_RUNPATH_SEARCH_PATHS = "$(inherited) @executable_path/Frameworks @loader_path/Frameworks";
				PRODUCT_BUNDLE_IDENTIFIER = "com.surfsidesoftwaresolutions.waynedhill.Password-GeneratorTests";
				PRODUCT_NAME = "$(TARGET_NAME)";
				TEST_HOST = "$(BUILT_PRODUCTS_DIR)/Password Generator.app/Password Generator";
			};
			name = Debug;
		};
		B00939E31E3063DC002F71D0 /* Release */ = {
			isa = XCBuildConfiguration;
			buildSettings = {
				BUNDLE_LOADER = "$(TEST_HOST)";
				DEVELOPMENT_TEAM = CG3WB2TNJ2;
				INFOPLIST_FILE = "Password GeneratorTests/Info.plist";
				LD_RUNPATH_SEARCH_PATHS = "$(inherited) @executable_path/Frameworks @loader_path/Frameworks";
				PRODUCT_BUNDLE_IDENTIFIER = "com.surfsidesoftwaresolutions.waynedhill.Password-GeneratorTests";
				PRODUCT_NAME = "$(TARGET_NAME)";
				TEST_HOST = "$(BUILT_PRODUCTS_DIR)/Password Generator.app/Password Generator";
			};
			name = Release;
		};
		B00939E51E3063DC002F71D0 /* Debug */ = {
			isa = XCBuildConfiguration;
			buildSettings = {
				DEVELOPMENT_TEAM = CG3WB2TNJ2;
				INFOPLIST_FILE = "Password GeneratorUITests/Info.plist";
				LD_RUNPATH_SEARCH_PATHS = "$(inherited) @executable_path/Frameworks @loader_path/Frameworks";
				PRODUCT_BUNDLE_IDENTIFIER = "com.surfsidesoftwaresolutions.waynedhill.Password-GeneratorUITests";
				PRODUCT_NAME = "$(TARGET_NAME)";
				TEST_TARGET_NAME = "Password Generator";
			};
			name = Debug;
		};
		B00939E61E3063DC002F71D0 /* Release */ = {
			isa = XCBuildConfiguration;
			buildSettings = {
				DEVELOPMENT_TEAM = CG3WB2TNJ2;
				INFOPLIST_FILE = "Password GeneratorUITests/Info.plist";
				LD_RUNPATH_SEARCH_PATHS = "$(inherited) @executable_path/Frameworks @loader_path/Frameworks";
				PRODUCT_BUNDLE_IDENTIFIER = "com.surfsidesoftwaresolutions.waynedhill.Password-GeneratorUITests";
				PRODUCT_NAME = "$(TARGET_NAME)";
				TEST_TARGET_NAME = "Password Generator";
			};
			name = Release;
		};
/* End XCBuildConfiguration section */

/* Begin XCConfigurationList section */
		B00939A61E3063DC002F71D0 /* Build configuration list for PBXProject "Password Generator" */ = {
			isa = XCConfigurationList;
			buildConfigurations = (
				B00939DC1E3063DC002F71D0 /* Debug */,
				B00939DD1E3063DC002F71D0 /* Release */,
			);
			defaultConfigurationIsVisible = 0;
			defaultConfigurationName = Release;
		};
		B00939DE1E3063DC002F71D0 /* Build configuration list for PBXNativeTarget "Password Generator" */ = {
			isa = XCConfigurationList;
			buildConfigurations = (
				B00939DF1E3063DC002F71D0 /* Debug */,
				B00939E01E3063DC002F71D0 /* Release */,
			);
			defaultConfigurationIsVisible = 0;
		};
		B00939E11E3063DC002F71D0 /* Build configuration list for PBXNativeTarget "Password GeneratorTests" */ = {
			isa = XCConfigurationList;
			buildConfigurations = (
				B00939E21E3063DC002F71D0 /* Debug */,
				B00939E31E3063DC002F71D0 /* Release */,
			);
			defaultConfigurationIsVisible = 0;
		};
		B00939E41E3063DC002F71D0 /* Build configuration list for PBXNativeTarget "Password GeneratorUITests" */ = {
			isa = XCConfigurationList;
			buildConfigurations = (
				B00939E51E3063DC002F71D0 /* Debug */,
				B00939E61E3063DC002F71D0 /* Release */,
			);
			defaultConfigurationIsVisible = 0;
		};
/* End XCConfigurationList section */
	};
	rootObject = B00939A31E3063DC002F71D0 /* Project object */;
}
